
Microsoft Visual Studio Solution File, Format Version 12.00
# Visual Studio Version 17
VisualStudioVersion = 17.4.33103.184
MinimumVisualStudioVersion = 10.0.40219.1
Project("{FAE04EC0-301F-11D3-BF4B-00C04F79EFBC}") = "practica3", "practica3.csproj", "{C3386AFE-842F-4522-8DCB-ED534FB4BD83}"
EndProject
Global
	GlobalSection(SolutionConfigurationPlatforms) = preSolution
		Debug|Any CPU = Debug|Any CPU
		Release|Any CPU = Release|Any CPU
	EndGlobalSection
	GlobalSection(ProjectConfigurationPlatforms) = postSolution
		{C3386AFE-842F-4522-8DCB-ED534FB4BD83}.Debug|Any CPU.ActiveCfg = Debug|Any CPU
		{C3386AFE-842F-4522-8DCB-ED534FB4BD83}.Debug|Any CPU.Build.0 = Debug|Any CPU
		{C3386AFE-842F-4522-8DCB-ED534FB4BD83}.Release|Any CPU.ActiveCfg = Release|Any CPU
		{C3386AFE-842F-4522-8DCB-ED534FB4BD83}.Release|Any CPU.Build.0 = Release|Any CPU
	EndGlobalSection
	GlobalSection(SolutionProperties) = preSolution
		HideSolutionNode = FALSE
	EndGlobalSection
	GlobalSection(ExtensibilityGlobals) = postSolution
		SolutionGuid = {9EAD8F75-B885-4980-A9D3-90243FBAFC46}
	EndGlobalSection
EndGlobal
